{
  "name": "portfolio",
  "version": "1.0.0",
  "lockfileVersion": 3,
  "requires": true,
  "packages": {
    "": {
      "name": "portfolio",
      "version": "1.0.0",
      "license": "ISC",
      "dependencies": {
        "lucide": "^0.293.0"
      }
    },
    "node_modules/lucide": {
      "version": "0.293.0",
      "resolved": "https://registry.npmjs.org/lucide/-/lucide-0.293.0.tgz",
      "integrity": "sha512-LTL2scS6yZi6Owm0uKQtgV1VuUXa2DdgLEAEjUvasV3KtGuRKldZzhqcf4l3nSSA0kgSyicjfUkScnEI3eSwxg=="
    }
  }
}
